
Microsoft Visual Studio Solution File, Format Version 12.00
# Visual Studio Version 17
VisualStudioVersion = 17.10.34916.146
MinimumVisualStudioVersion = 10.0.40219.1
Project("{9A19103F-16F7-4668-BE54-9A1E7A4F7556}") = "RandomUserApiPasc.Api", "src\backend\RandomUserApiPasc.Api\RandomUserApiPasc.Api.csproj", "{82181F5F-2B43-463E-9AF0-D72C9B4A874E}"
EndProject
Project("{9A19103F-16F7-4668-BE54-9A1E7A4F7556}") = "RandomUserApiPasc.Application", "src\backend\RandomUserApiPasc.Application\RandomUserApiPasc.Application.csproj", "{7C11A05C-45BA-4D56-832B-87996D0B7F1D}"
EndProject
Project("{9A19103F-16F7-4668-BE54-9A1E7A4F7556}") = "RandomUserApiPasc.Domain", "src\backend\RandomUserApiPasc.Domain\RandomUserApiPasc.Domain.csproj", "{3ED9B905-D1D3-4613-BEB2-0E99C22BF04A}"
EndProject
Project("{9A19103F-16F7-4668-BE54-9A1E7A4F7556}") = "RandomUserApiPasc.Infra", "src\backend\RandomUserApiPasc.Infra\RandomUserApiPasc.Infra.csproj", "{407E281A-A821-4D66-BF3C-7CE495345E8D}"
EndProject
Global
	GlobalSection(SolutionConfigurationPlatforms) = preSolution
		Debug|Any CPU = Debug|Any CPU
		Release|Any CPU = Release|Any CPU
	EndGlobalSection
	GlobalSection(ProjectConfigurationPlatforms) = postSolution
		{82181F5F-2B43-463E-9AF0-D72C9B4A874E}.Debug|Any CPU.ActiveCfg = Debug|Any CPU
		{82181F5F-2B43-463E-9AF0-D72C9B4A874E}.Debug|Any CPU.Build.0 = Debug|Any CPU
		{82181F5F-2B43-463E-9AF0-D72C9B4A874E}.Release|Any CPU.ActiveCfg = Release|Any CPU
		{82181F5F-2B43-463E-9AF0-D72C9B4A874E}.Release|Any CPU.Build.0 = Release|Any CPU
		{7C11A05C-45BA-4D56-832B-87996D0B7F1D}.Debug|Any CPU.ActiveCfg = Debug|Any CPU
		{7C11A05C-45BA-4D56-832B-87996D0B7F1D}.Debug|Any CPU.Build.0 = Debug|Any CPU
		{7C11A05C-45BA-4D56-832B-87996D0B7F1D}.Release|Any CPU.ActiveCfg = Release|Any CPU
		{7C11A05C-45BA-4D56-832B-87996D0B7F1D}.Release|Any CPU.Build.0 = Release|Any CPU
		{3ED9B905-D1D3-4613-BEB2-0E99C22BF04A}.Debug|Any CPU.ActiveCfg = Debug|Any CPU
		{3ED9B905-D1D3-4613-BEB2-0E99C22BF04A}.Debug|Any CPU.Build.0 = Debug|Any CPU
		{3ED9B905-D1D3-4613-BEB2-0E99C22BF04A}.Release|Any CPU.ActiveCfg = Release|Any CPU
		{3ED9B905-D1D3-4613-BEB2-0E99C22BF04A}.Release|Any CPU.Build.0 = Release|Any CPU
		{407E281A-A821-4D66-BF3C-7CE495345E8D}.Debug|Any CPU.ActiveCfg = Debug|Any CPU
		{407E281A-A821-4D66-BF3C-7CE495345E8D}.Debug|Any CPU.Build.0 = Debug|Any CPU
		{407E281A-A821-4D66-BF3C-7CE495345E8D}.Release|Any CPU.ActiveCfg = Release|Any CPU
		{407E281A-A821-4D66-BF3C-7CE495345E8D}.Release|Any CPU.Build.0 = Release|Any CPU
	EndGlobalSection
	GlobalSection(SolutionProperties) = preSolution
		HideSolutionNode = FALSE
	EndGlobalSection
	GlobalSection(ExtensibilityGlobals) = postSolution
		SolutionGuid = {684B62B9-0348-476D-B0C3-7329C69611AC}
	EndGlobalSection
EndGlobal
